
Microsoft Visual Studio Solution File, Format Version 12.00
# Visual Studio Version 17
VisualStudioVersion = 17.6.33927.249
MinimumVisualStudioVersion = 10.0.40219.1
Project("{FAE04EC0-301F-11D3-BF4B-00C04F79EFBC}") = "ClassDemoWoodPelletLib", "ClassDemoWoodPelletLib\ClassDemoWoodPelletLib.csproj", "{6AEA18F0-2044-4531-96B9-04600FA31F55}"
EndProject
Project("{FAE04EC0-301F-11D3-BF4B-00C04F79EFBC}") = "ClassDemoWoodPelletAPI", "ClassDemoWoodPelletAPI\ClassDemoWoodPelletAPI.csproj", "{D8A43586-1072-43D1-8952-084BC2EC1A0F}"
EndProject
Global
	GlobalSection(SolutionConfigurationPlatforms) = preSolution
		Debug|Any CPU = Debug|Any CPU
		Release|Any CPU = Release|Any CPU
	EndGlobalSection
	GlobalSection(ProjectConfigurationPlatforms) = postSolution
		{6AEA18F0-2044-4531-96B9-04600FA31F55}.Debug|Any CPU.ActiveCfg = Debug|Any CPU
		{6AEA18F0-2044-4531-96B9-04600FA31F55}.Debug|Any CPU.Build.0 = Debug|Any CPU
		{6AEA18F0-2044-4531-96B9-04600FA31F55}.Release|Any CPU.ActiveCfg = Release|Any CPU
		{6AEA18F0-2044-4531-96B9-04600FA31F55}.Release|Any CPU.Build.0 = Release|Any CPU
		{D8A43586-1072-43D1-8952-084BC2EC1A0F}.Debug|Any CPU.ActiveCfg = Debug|Any CPU
		{D8A43586-1072-43D1-8952-084BC2EC1A0F}.Debug|Any CPU.Build.0 = Debug|Any CPU
		{D8A43586-1072-43D1-8952-084BC2EC1A0F}.Release|Any CPU.ActiveCfg = Release|Any CPU
		{D8A43586-1072-43D1-8952-084BC2EC1A0F}.Release|Any CPU.Build.0 = Release|Any CPU
	EndGlobalSection
	GlobalSection(SolutionProperties) = preSolution
		HideSolutionNode = FALSE
	EndGlobalSection
	GlobalSection(ExtensibilityGlobals) = postSolution
		SolutionGuid = {EFEF400C-BEF2-48DD-B2E4-56DEC93F2B44}
	EndGlobalSection
EndGlobal
